<?xml version="1.0" encoding="utf-8"?>
<Project ToolsVersion="4.0" xmlns="http://schemas.microsoft.com/developer/msbuild/2003">
  <ItemGroup>
    <ClCompile Include="..\cdl\ArchiveFactory.cpp">
      <Filter>Source Files</Filter>
    </ClCompile>
    <ClCompile Include="..\cdl\Component.cpp">
      <Filter>Source Files</Filter>
    </ClCompile>
    <ClCompile Include="..\cdl\DataPort.cpp">
      <Filter>Source Files</Filter>
    </ClCompile>
    <ClCompile Include="..\cdl\Event.cpp">
      <Filter>Source Files</Filter>
    </ClCompile>
    <ClCompile Include="..\cdl\EventPort.cpp">
      <Filter>Source Files</Filter>
    </ClCompile>
    <ClCompile Include="..\cdl\InputDataPortInterface.cpp">
      <Filter>Source Files</Filter>
    </ClCompile>
    <ClCompile Include="..\cdl\InputEventPortInterface.cpp">
      <Filter>Source Files</Filter>
    </ClCompile>
    <ClCompile Include="..\cdl\LifecycleInterface.cpp">
      <Filter>Source Files</Filter>
    </ClCompile>
    <ClCompile Include="..\cdl\Method.cpp">
      <Filter>Source Files</Filter>
    </ClCompile>
    <ClCompile Include="..\cdl\OPRoSUtility.cpp">
      <Filter>Source Files</Filter>
    </ClCompile>
    <ClCompile Include="..\cdl\OSGuard.cpp">
      <Filter>Source Files</Filter>
    </ClCompile>
    <ClCompile Include="..\cdl\OSMutex_Port.cpp">
      <Filter>Source Files</Filter>
    </ClCompile>
    <ClCompile Include="..\cdl\OutputDataPortInterface.cpp">
      <Filter>Source Files</Filter>
    </ClCompile>
    <ClCompile Include="..\cdl\OutputEventPortInterface.cpp">
      <Filter>Source Files</Filter>
    </ClCompile>
    <ClCompile Include="..\cdl\Port.cpp">
      <Filter>Source Files</Filter>
    </ClCompile>
    <ClCompile Include="..\cdl\PortInterface.cpp">
      <Filter>Source Files</Filter>
    </ClCompile>
    <ClCompile Include="..\cdl\PropertyInterface.cpp">
      <Filter>Source Files</Filter>
    </ClCompile>
    <ClCompile Include="..\cdl\ProvidedServicePort.cpp">
      <Filter>Source Files</Filter>
    </ClCompile>
    <ClCompile Include="..\cdl\RequiredServicePort.cpp">
      <Filter>Source Files</Filter>
    </ClCompile>
    <ClCompile Include="..\cdl\ServicePort.cpp">
      <Filter>Source Files</Filter>
    </ClCompile>
    <ClCompile Include="..\cdl\ServicePortInterface.cpp">
      <Filter>Source Files</Filter>
    </ClCompile>
    <ClCompile Include="..\cdl\SymbolServicePortProvider.cpp">
      <Filter>Source Files</Filter>
    </ClCompile>
    <ClCompile Include="..\src\archive\opros_archive_common.cpp">
      <Filter>Source Files</Filter>
    </ClCompile>
    <ClCompile Include="..\src\archive\opros_binary_iarchive.cpp">
      <Filter>Source Files</Filter>
    </ClCompile>
    <ClCompile Include="..\src\archive\opros_binary_oarchive.cpp">
      <Filter>Source Files</Filter>
    </ClCompile>
    <ClCompile Include="..\src\archive\opros_iarchive.cpp">
      <Filter>Source Files</Filter>
    </ClCompile>
    <ClCompile Include="..\src\archive\opros_oarchive.cpp">
      <Filter>Source Files</Filter>
    </ClCompile>
    <ClCompile Include="..\src\archive\opros_string_iarchive.cpp">
      <Filter>Source Files</Filter>
    </ClCompile>
    <ClCompile Include="..\src\archive\opros_string_oarchive.cpp">
      <Filter>Source Files</Filter>
    </ClCompile>
  </ItemGroup>
  <ItemGroup>
    <CustomBuild Include="..\CMakeLists.txt" />
  </ItemGroup>
  <ItemGroup>
    <Filter Include="Source Files">
      <UniqueIdentifier>{6B9230D4-CA46-45FD-91D8-ADAE1A0B0D37}</UniqueIdentifier>
    </Filter>
  </ItemGroup>
</Project>
